// !$*UTF8*$!
{
	archiveVersion = 1;
	classes = {
	};
	objectVersion = 46;
	objects = {

/* Begin PBXBuildFile section */
		657A06331F7F7C1200C73D53 /* test.xib in Resources */ = {isa = PBXBuildFile; fileRef = 657A06321F7F7C1200C73D53 /* test.xib */; };
		659D01831F78E506000D6671 /* Custom.swift in Sources */ = {isa = PBXBuildFile; fileRef = 659D01821F78E506000D6671 /* Custom.swift */; };
		65DF9BAF1F789E1600AF2259 /* AppDelegate.swift in Sources */ = {isa = PBXBuildFile; fileRef = 65DF9BAE1F789E1600AF2259 /* AppDelegate.swift */; };
		65DF9BB11F789E1600AF2259 /* ViewController.swift in Sources */ = {isa = PBXBuildFile; fileRef = 65DF9BB01F789E1600AF2259 /* ViewController.swift */; };
		65DF9BB41F789E1600AF2259 /* Main.storyboard in Resources */ = {isa = PBXBuildFile; fileRef = 65DF9BB21F789E1600AF2259 /* Main.storyboard */; };
		65DF9BB71F789E1600AF2259 /* Hello.xcdatamodeld in Sources */ = {isa = PBXBuildFile; fileRef = 65DF9BB51F789E1600AF2259 /* Hello.xcdatamodeld */; };
		65DF9BB91F789E1600AF2259 /* Assets.xcassets in Resources */ = {isa = PBXBuildFile; fileRef = 65DF9BB81F789E1600AF2259 /* Assets.xcassets */; };
		65DF9BBC1F789E1600AF2259 /* LaunchScreen.storyboard in Resources */ = {isa = PBXBuildFile; fileRef = 65DF9BBA1F789E1600AF2259 /* LaunchScreen.storyboard */; };
		65DF9BC71F789E1600AF2259 /* HelloTests.swift in Sources */ = {isa = PBXBuildFile; fileRef = 65DF9BC61F789E1600AF2259 /* HelloTests.swift */; };
		65DF9BD21F789E1600AF2259 /* HelloUITests.swift in Sources */ = {isa = PBXBuildFile; fileRef = 65DF9BD11F789E1600AF2259 /* HelloUITests.swift */; };
/* End PBXBuildFile section */

/* Begin PBXContainerItemProxy section */
		65DF9BC31F789E1600AF2259 /* PBXContainerItemProxy */ = {
			isa = PBXContainerItemProxy;
			containerPortal = 65DF9BA31F789E1600AF2259 /* Project object */;
			proxyType = 1;
			remoteGlobalIDString = 65DF9BAA1F789E1600AF2259;
			remoteInfo = Hello;
		};
		65DF9BCE1F789E1600AF2259 /* PBXContainerItemProxy */ = {
			isa = PBXContainerItemProxy;
			containerPortal = 65DF9BA31F789E1600AF2259 /* Project object */;
			proxyType = 1;
			remoteGlobalIDString = 65DF9BAA1F789E1600AF2259;
			remoteInfo = Hello;
		};
/* End PBXContainerItemProxy section */

/* Begin PBXFileReference section */
		657A06321F7F7C1200C73D53 /* test.xib */ = {isa = PBXFileReference; fileEncoding = 4; lastKnownFileType = file.xib; path = test.xib; sourceTree = "<group>"; };
		659D01821F78E506000D6671 /* Custom.swift */ = {isa = PBXFileReference; fileEncoding = 4; lastKnownFileType = sourcecode.swift; path = Custom.swift; sourceTree = "<group>"; };
		65DF9BAB1F789E1600AF2259 /* Hello.app */ = {isa = PBXFileReference; explicitFileType = wrapper.application; includeInIndex = 0; path = Hello.app; sourceTree = BUILT_PRODUCTS_DIR; };
		65DF9BAE1F789E1600AF2259 /* AppDelegate.swift */ = {isa = PBXFileReference; lastKnownFileType = sourcecode.swift; path = AppDelegate.swift; sourceTree = "<group>"; };
		65DF9BB01F789E1600AF2259 /* ViewController.swift */ = {isa = PBXFileReference; lastKnownFileType = sourcecode.swift; path = ViewController.swift; sourceTree = "<group>"; };
		65DF9BB31F789E1600AF2259 /* Base */ = {isa = PBXFileReference; lastKnownFileType = file.storyboard; name = Base; path = Base.lproj/Main.storyboard; sourceTree = "<group>"; };
		65DF9BB61F789E1600AF2259 /* Hello.xcdatamodel */ = {isa = PBXFileReference; lastKnownFileType = wrapper.xcdatamodel; path = Hello.xcdatamodel; sourceTree = "<group>"; };
		65DF9BB81F789E1600AF2259 /* Assets.xcassets */ = {isa = PBXFileReference; lastKnownFileType = folder.assetcatalog; path = Assets.xcassets; sourceTree = "<group>"; };
		65DF9BBB1F789E1600AF2259 /* Base */ = {isa = PBXFileReference; lastKnownFileType = file.storyboard; name = Base; path = Base.lproj/LaunchScreen.storyboard; sourceTree = "<group>"; };
		65DF9BBD1F789E1600AF2259 /* Info.plist */ = {isa = PBXFileReference; lastKnownFileType = text.plist.xml; path = Info.plist; sourceTree = "<group>"; };
		65DF9BC21F789E1600AF2259 /* HelloTests.xctest */ = {isa = PBXFileReference; explicitFileType = wrapper.cfbundle; includeInIndex = 0; path = HelloTests.xctest; sourceTree = BUILT_PRODUCTS_DIR; };
		65DF9BC61F789E1600AF2259 /* HelloTests.swift */ = {isa = PBXFileReference; lastKnownFileType = sourcecode.swift; path = HelloTests.swift; sourceTree = "<group>"; };
		65DF9BC81F789E1600AF2259 /* Info.plist */ = {isa = PBXFileReference; lastKnownFileType = text.plist.xml; path = Info.plist; sourceTree = "<group>"; };
		65DF9BCD1F789E1600AF2259 /* HelloUITests.xctest */ = {isa = PBXFileReference; explicitFileType = wrapper.cfbundle; includeInIndex = 0; path = HelloUITests.xctest; sourceTree = BUILT_PRODUCTS_DIR; };
		65DF9BD11F789E1600AF2259 /* HelloUITests.swift */ = {isa = PBXFileReference; lastKnownFileType = sourcecode.swift; path = HelloUITests.swift; sourceTree = "<group>"; };
		65DF9BD31F789E1600AF2259 /* Info.plist */ = {isa = PBXFileReference; lastKnownFileType = text.plist.xml; path = Info.plist; sourceTree = "<group>"; };
/* End PBXFileReference section */

/* Begin PBXFrameworksBuildPhase section */
		65DF9BA81F789E1600AF2259 /* Frameworks */ = {
			isa = PBXFrameworksBuildPhase;
			buildActionMask = 2147483647;
			files = (
			);
			runOnlyForDeploymentPostprocessing = 0;
		};
		65DF9BBF1F789E1600AF2259 /* Frameworks */ = {
			isa = PBXFrameworksBuildPhase;
			buildActionMask = 2147483647;
			files = (
			);
			runOnlyForDeploymentPostprocessing = 0;
		};
		65DF9BCA1F789E1600AF2259 /* Frameworks */ = {
			isa = PBXFrameworksBuildPhase;
			buildActionMask = 2147483647;
			files = (
			);
			runOnlyForDeploymentPostprocessing = 0;
		};
/* End PBXFrameworksBuildPhase section */

/* Begin PBXGroup section */
		65DF9BA21F789E1600AF2259 = {
			isa = PBXGroup;
			children = (
				65DF9BAD1F789E1600AF2259 /* Hello */,
				65DF9BC51F789E1600AF2259 /* HelloTests */,
				65DF9BD01F789E1600AF2259 /* HelloUITests */,
				65DF9BAC1F789E1600AF2259 /* Products */,
			);
			sourceTree = "<group>";
		};
		65DF9BAC1F789E1600AF2259 /* Products */ = {
			isa = PBXGroup;
			children = (
				65DF9BAB1F789E1600AF2259 /* Hello.app */,
				65DF9BC21F789E1600AF2259 /* HelloTests.xctest */,
				65DF9BCD1F789E1600AF2259 /* HelloUITests.xctest */,
			);
			name = Products;
			sourceTree = "<group>";
		};
		65DF9BAD1F789E1600AF2259 /* Hello */ = {
			isa = PBXGroup;
			children = (
				65DF9BAE1F789E1600AF2259 /* AppDelegate.swift */,
				65DF9BB01F789E1600AF2259 /* ViewController.swift */,
				65DF9BB21F789E1600AF2259 /* Main.storyboard */,
				657A06321F7F7C1200C73D53 /* test.xib */,
				65DF9BB81F789E1600AF2259 /* Assets.xcassets */,
				65DF9BBA1F789E1600AF2259 /* LaunchScreen.storyboard */,
				65DF9BBD1F789E1600AF2259 /* Info.plist */,
				65DF9BB51F789E1600AF2259 /* Hello.xcdatamodeld */,
				659D01821F78E506000D6671 /* Custom.swift */,
			);
			path = Hello;
			sourceTree = "<group>";
		};
		65DF9BC51F789E1600AF2259 /* HelloTests */ = {
			isa = PBXGroup;
			children = (
				65DF9BC61F789E1600AF2259 /* HelloTests.swift */,
				65DF9BC81F789E1600AF2259 /* Info.plist */,
			);
			path = HelloTests;
			sourceTree = "<group>";
		};
		65DF9BD01F789E1600AF2259 /* HelloUITests */ = {
			isa = PBXGroup;
			children = (
				65DF9BD11F789E1600AF2259 /* HelloUITests.swift */,
				65DF9BD31F789E1600AF2259 /* Info.plist */,
			);
			path = HelloUITests;
			sourceTree = "<group>";
		};
/* End PBXGroup section */

/* Begin PBXNativeTarget section */
		65DF9BAA1F789E1600AF2259 /* Hello */ = {
			isa = PBXNativeTarget;
			buildConfigurationList = 65DF9BD61F789E1600AF2259 /* Build configuration list for PBXNativeTarget "Hello" */;
			buildPhases = (
				65DF9BA71F789E1600AF2259 /* Sources */,
				65DF9BA81F789E1600AF2259 /* Frameworks */,
				65DF9BA91F789E1600AF2259 /* Resources */,
			);
			buildRules = (
			);
			dependencies = (
			);
			name = Hello;
			productName = Hello;
			productReference = 65DF9BAB1F789E1600AF2259 /* Hello.app */;
			productType = "com.apple.product-type.application";
		};
		65DF9BC11F789E1600AF2259 /* HelloTests */ = {
			isa = PBXNativeTarget;
			buildConfigurationList = 65DF9BD91F789E1600AF2259 /* Build configuration list for PBXNativeTarget "HelloTests" */;
			buildPhases = (
				65DF9BBE1F789E1600AF2259 /* Sources */,
				65DF9BBF1F789E1600AF2259 /* Frameworks */,
				65DF9BC01F789E1600AF2259 /* Resources */,
			);
			buildRules = (
			);
			dependencies = (
				65DF9BC41F789E1600AF2259 /* PBXTargetDependency */,
			);
			name = HelloTests;
			productName = HelloTests;
			productReference = 65DF9BC21F789E1600AF2259 /* HelloTests.xctest */;
			productType = "com.apple.product-type.bundle.unit-test";
		};
		65DF9BCC1F789E1600AF2259 /* HelloUITests */ = {
			isa = PBXNativeTarget;
			buildConfigurationList = 65DF9BDC1F789E1600AF2259 /* Build configuration list for PBXNativeTarget "HelloUITests" */;
			buildPhases = (
				65DF9BC91F789E1600AF2259 /* Sources */,
				65DF9BCA1F789E1600AF2259 /* Frameworks */,
				65DF9BCB1F789E1600AF2259 /* Resources */,
			);
			buildRules = (
			);
			dependencies = (
				65DF9BCF1F789E1600AF2259 /* PBXTargetDependency */,
			);
			name = HelloUITests;
			productName = HelloUITests;
			productReference = 65DF9BCD1F789E1600AF2259 /* HelloUITests.xctest */;
			productType = "com.apple.product-type.bundle.ui-testing";
		};
/* End PBXNativeTarget section */

/* Begin PBXProject section */
		65DF9BA31F789E1600AF2259 /* Project object */ = {
			isa = PBXProject;
			attributes = {
				LastSwiftUpdateCheck = 0830;
				LastUpgradeCheck = 0830;
				ORGANIZATIONNAME = chenr;
				TargetAttributes = {
					65DF9BAA1F789E1600AF2259 = {
						CreatedOnToolsVersion = 8.3.3;
						ProvisioningStyle = Automatic;
					};
					65DF9BC11F789E1600AF2259 = {
						CreatedOnToolsVersion = 8.3.3;
						ProvisioningStyle = Automatic;
						TestTargetID = 65DF9BAA1F789E1600AF2259;
					};
					65DF9BCC1F789E1600AF2259 = {
						CreatedOnToolsVersion = 8.3.3;
						ProvisioningStyle = Automatic;
						TestTargetID = 65DF9BAA1F789E1600AF2259;
					};
				};
			};
			buildConfigurationList = 65DF9BA61F789E1600AF2259 /* Build configuration list for PBXProject "Hello" */;
			compatibilityVersion = "Xcode 3.2";
			developmentRegion = English;
			hasScannedForEncodings = 0;
			knownRegions = (
				en,
				Base,
			);
			mainGroup = 65DF9BA21F789E1600AF2259;
			productRefGroup = 65DF9BAC1F789E1600AF2259 /* Products */;
			projectDirPath = "";
			projectRoot = "";
			targets = (
				65DF9BAA1F789E1600AF2259 /* Hello */,
				65DF9BC11F789E1600AF2259 /* HelloTests */,
				65DF9BCC1F789E1600AF2259 /* HelloUITests */,
			);
		};
/* End PBXProject section */

/* Begin PBXResourcesBuildPhase section */
		65DF9BA91F789E1600AF2259 /* Resources */ = {
			isa = PBXResourcesBuildPhase;
			buildActionMask = 2147483647;
			files = (
				65DF9BBC1F789E1600AF2259 /* LaunchScreen.storyboard in Resources */,
				657A06331F7F7C1200C73D53 /* test.xib in Resources */,
				65DF9BB91F789E1600AF2259 /* Assets.xcassets in Resources */,
				65DF9BB41F789E1600AF2259 /* Main.storyboard in Resources */,
			);
			runOnlyForDeploymentPostprocessing = 0;
		};
		65DF9BC01F789E1600AF2259 /* Resources */ = {
			isa = PBXResourcesBuildPhase;
			buildActionMask = 2147483647;
			files = (
			);
			runOnlyForDeploymentPostprocessing = 0;
		};
		65DF9BCB1F789E1600AF2259 /* Resources */ = {
			isa = PBXResourcesBuildPhase;
			buildActionMask = 2147483647;
			files = (
			);
			runOnlyForDeploymentPostprocessing = 0;
		};
/* End PBXResourcesBuildPhase section */

/* Begin PBXSourcesBuildPhase section */
		65DF9BA71F789E1600AF2259 /* Sources */ = {
			isa = PBXSourcesBuildPhase;
			buildActionMask = 2147483647;
			files = (
				65DF9BB11F789E1600AF2259 /* ViewController.swift in Sources */,
				65DF9BB71F789E1600AF2259 /* Hello.xcdatamodeld in Sources */,
				659D01831F78E506000D6671 /* Custom.swift in Sources */,
				65DF9BAF1F789E1600AF2259 /* AppDelegate.swift in Sources */,
			);
			runOnlyForDeploymentPostprocessing = 0;
		};
		65DF9BBE1F789E1600AF2259 /* Sources */ = {
			isa = PBXSourcesBuildPhase;
			buildActionMask = 2147483647;
			files = (
				65DF9BC71F789E1600AF2259 /* HelloTests.swift in Sources */,
			);
			runOnlyForDeploymentPostprocessing = 0;
		};
		65DF9BC91F789E1600AF2259 /* Sources */ = {
			isa = PBXSourcesBuildPhase;
			buildActionMask = 2147483647;
			files = (
				65DF9BD21F789E1600AF2259 /* HelloUITests.swift in Sources */,
			);
			runOnlyForDeploymentPostprocessing = 0;
		};
/* End PBXSourcesBuildPhase section */

/* Begin PBXTargetDependency section */
		65DF9BC41F789E1600AF2259 /* PBXTargetDependency */ = {
			isa = PBXTargetDependency;
			target = 65DF9BAA1F789E1600AF2259 /* Hello */;
			targetProxy = 65DF9BC31F789E1600AF2259 /* PBXContainerItemProxy */;
		};
		65DF9BCF1F789E1600AF2259 /* PBXTargetDependency */ = {
			isa = PBXTargetDependency;
			target = 65DF9BAA1F789E1600AF2259 /* Hello */;
			targetProxy = 65DF9BCE1F789E1600AF2259 /* PBXContainerItemProxy */;
		};
/* End PBXTargetDependency section */

/* Begin PBXVariantGroup section */
		65DF9BB21F789E1600AF2259 /* Main.storyboard */ = {
			isa = PBXVariantGroup;
			children = (
				65DF9BB31F789E1600AF2259 /* Base */,
			);
			name = Main.storyboard;
			sourceTree = "<group>";
		};
		65DF9BBA1F789E1600AF2259 /* LaunchScreen.storyboard */ = {
			isa = PBXVariantGroup;
			children = (
				65DF9BBB1F789E1600AF2259 /* Base */,
			);
			name = LaunchScreen.storyboard;
			sourceTree = "<group>";
		};
/* End PBXVariantGroup section */

/* Begin XCBuildConfiguration section */
		65DF9BD41F789E1600AF2259 /* Debug */ = {
			isa = XCBuildConfiguration;
			buildSettings = {
				ALWAYS_SEARCH_USER_PATHS = NO;
				CLANG_ANALYZER_NONNULL = YES;
				CLANG_ANALYZER_NUMBER_OBJECT_CONVERSION = YES_AGGRESSIVE;
				CLANG_CXX_LANGUAGE_STANDARD = "gnu++0x";
				CLANG_CXX_LIBRARY = "libc++";
				CLANG_ENABLE_MODULES = YES;
				CLANG_ENABLE_OBJC_ARC = YES;
				CLANG_WARN_BOOL_CONVERSION = YES;
				CLANG_WARN_CONSTANT_CONVERSION = YES;
				CLANG_WARN_DIRECT_OBJC_ISA_USAGE = YES_ERROR;
				CLANG_WARN_DOCUMENTATION_COMMENTS = YES;
				CLANG_WARN_EMPTY_BODY = YES;
				CLANG_WARN_ENUM_CONVERSION = YES;
				CLANG_WARN_INFINITE_RECURSION = YES;
				CLANG_WARN_INT_CONVERSION = YES;
				CLANG_WARN_OBJC_ROOT_CLASS = YES_ERROR;
				CLANG_WARN_SUSPICIOUS_MOVE = YES;
				CLANG_WARN_UNREACHABLE_CODE = YES;
				CLANG_WARN__DUPLICATE_METHOD_MATCH = YES;
				"CODE_SIGN_IDENTITY[sdk=iphoneos*]" = "iPhone Developer";
				COPY_PHASE_STRIP = NO;
				DEBUG_INFORMATION_FORMAT = dwarf;
				ENABLE_STRICT_OBJC_MSGSEND = YES;
				ENABLE_TESTABILITY = YES;
				GCC_C_LANGUAGE_STANDARD = gnu99;
				GCC_DYNAMIC_NO_PIC = NO;
				GCC_NO_COMMON_BLOCKS = YES;
				GCC_OPTIMIZATION_LEVEL = 0;
				GCC_PREPROCESSOR_DEFINITIONS = (
					"DEBUG=1",
					"$(inherited)",
				);
				GCC_WARN_64_TO_32_BIT_CONVERSION = YES;
				GCC_WARN_ABOUT_RETURN_TYPE = YES_ERROR;
				GCC_WARN_UNDECLARED_SELECTOR = YES;
				GCC_WARN_UNINITIALIZED_AUTOS = YES_AGGRESSIVE;
				GCC_WARN_UNUSED_FUNCTION = YES;
				GCC_WARN_UNUSED_VARIABLE = YES;
				IPHONEOS_DEPLOYMENT_TARGET = 10.3;
				MTL_ENABLE_DEBUG_INFO = YES;
				ONLY_ACTIVE_ARCH = YES;
				SDKROOT = iphoneos;
				SWIFT_ACTIVE_COMPILATION_CONDITIONS = DEBUG;
				SWIFT_OPTIMIZATION_LEVEL = "-Onone";
				TARGETED_DEVICE_FAMILY = "1,2";
			};
			name = Debug;
		};
		65DF9BD51F789E1600AF2259 /* Release */ = {
			isa = XCBuildConfiguration;
			buildSettings = {
				ALWAYS_SEARCH_USER_PATHS = NO;
				CLANG_ANALYZER_NONNULL = YES;
				CLANG_ANALYZER_NUMBER_OBJECT_CONVERSION = YES_AGGRESSIVE;
				CLANG_CXX_LANGUAGE_STANDARD = "gnu++0x";
				CLANG_CXX_LIBRARY = "libc++";
				CLANG_ENABLE_MODULES = YES;
				CLANG_ENABLE_OBJC_ARC = YES;
				CLANG_WARN_BOOL_CONVERSION = YES;
				CLANG_WARN_CONSTANT_CONVERSION = YES;
				CLANG_WARN_DIRECT_OBJC_ISA_USAGE = YES_ERROR;
				CLANG_WARN_DOCUMENTATION_COMMENTS = YES;
				CLANG_WARN_EMPTY_BODY = YES;
				CLANG_WARN_ENUM_CONVERSION = YES;
				CLANG_WARN_INFINITE_RECURSION = YES;
				CLANG_WARN_INT_CONVERSION = YES;
				CLANG_WARN_OBJC_ROOT_CLASS = YES_ERROR;
				CLANG_WARN_SUSPICIOUS_MOVE = YES;
				CLANG_WARN_UNREACHABLE_CODE = YES;
				CLANG_WARN__DUPLICATE_METHOD_MATCH = YES;
				"CODE_SIGN_IDENTITY[sdk=iphoneos*]" = "iPhone Developer";
				COPY_PHASE_STRIP = NO;
				DEBUG_INFORMATION_FORMAT = "dwarf-with-dsym";
				ENABLE_NS_ASSERTIONS = NO;
				ENABLE_STRICT_OBJC_MSGSEND = YES;
				GCC_C_LANGUAGE_STANDARD = gnu99;
				GCC_NO_COMMON_BLOCKS = YES;
				GCC_WARN_64_TO_32_BIT_CONVERSION = YES;
				GCC_WARN_ABOUT_RETURN_TYPE = YES_ERROR;
				GCC_WARN_UNDECLARED_SELECTOR = YES;
				GCC_WARN_UNINITIALIZED_AUTOS = YES_AGGRESSIVE;
				GCC_WARN_UNUSED_FUNCTION = YES;
				GCC_WARN_UNUSED_VARIABLE = YES;
				IPHONEOS_DEPLOYMENT_TARGET = 10.3;
				MTL_ENABLE_DEBUG_INFO = NO;
				SDKROOT = iphoneos;
				SWIFT_OPTIMIZATION_LEVEL = "-Owholemodule";
				TARGETED_DEVICE_FAMILY = "1,2";
				VALIDATE_PRODUCT = YES;
			};
			name = Release;
		};
		65DF9BD71F789E1600AF2259 /* Debug */ = {
			isa = XCBuildConfiguration;
			buildSettings = {
				ASSETCATALOG_COMPILER_APPICON_NAME = AppIcon;
				INFOPLIST_FILE = Hello/Info.plist;
				IPHONEOS_DEPLOYMENT_TARGET = 10.3;
				LD_RUNPATH_SEARCH_PATHS = "$(inherited) @executable_path/Frameworks";
				PRODUCT_BUNDLE_IDENTIFIER = com.crs811.www.Hello;
				PRODUCT_NAME = "$(TARGET_NAME)";
				SWIFT_VERSION = 3.0;
			};
			name = Debug;
		};
		65DF9BD81F789E1600AF2259 /* Release */ = {
			isa = XCBuildConfiguration;
			buildSettings = {
				ASSETCATALOG_COMPILER_APPICON_NAME = AppIcon;
				INFOPLIST_FILE = Hello/Info.plist;
				IPHONEOS_DEPLOYMENT_TARGET = 10.3;
				LD_RUNPATH_SEARCH_PATHS = "$(inherited) @executable_path/Frameworks";
				PRODUCT_BUNDLE_IDENTIFIER = com.crs811.www.Hello;
				PRODUCT_NAME = "$(TARGET_NAME)";
				SWIFT_VERSION = 3.0;
			};
			name = Release;
		};
		65DF9BDA1F789E1600AF2259 /* Debug */ = {
			isa = XCBuildConfiguration;
			buildSettings = {
				ALWAYS_EMBED_SWIFT_STANDARD_LIBRARIES = YES;
				BUNDLE_LOADER = "$(TEST_HOST)";
				INFOPLIST_FILE = HelloTests/Info.plist;
				LD_RUNPATH_SEARCH_PATHS = "$(inherited) @executable_path/Frameworks @loader_path/Frameworks";
				PRODUCT_BUNDLE_IDENTIFIER = com.crs811.www.HelloTests;
				PRODUCT_NAME = "$(TARGET_NAME)";
				SWIFT_VERSION = 3.0;
				TEST_HOST = "$(BUILT_PRODUCTS_DIR)/Hello.app/Hello";
			};
			name = Debug;
		};
		65DF9BDB1F789E1600AF2259 /* Release */ = {
			isa = XCBuildConfiguration;
			buildSettings = {
				ALWAYS_EMBED_SWIFT_STANDARD_LIBRARIES = YES;
				BUNDLE_LOADER = "$(TEST_HOST)";
				INFOPLIST_FILE = HelloTests/Info.plist;
				LD_RUNPATH_SEARCH_PATHS = "$(inherited) @executable_path/Frameworks @loader_path/Frameworks";
				PRODUCT_BUNDLE_IDENTIFIER = com.crs811.www.HelloTests;
				PRODUCT_NAME = "$(TARGET_NAME)";
				SWIFT_VERSION = 3.0;
				TEST_HOST = "$(BUILT_PRODUCTS_DIR)/Hello.app/Hello";
			};
			name = Release;
		};
		65DF9BDD1F789E1600AF2259 /* Debug */ = {
			isa = XCBuildConfiguration;
			buildSettings = {
				ALWAYS_EMBED_SWIFT_STANDARD_LIBRARIES = YES;
				INFOPLIST_FILE = HelloUITests/Info.plist;
				LD_RUNPATH_SEARCH_PATHS = "$(inherited) @executable_path/Frameworks @loader_path/Frameworks";
				PRODUCT_BUNDLE_IDENTIFIER = com.crs811.www.HelloUITests;
				PRODUCT_NAME = "$(TARGET_NAME)";
				SWIFT_VERSION = 3.0;
				TEST_TARGET_NAME = Hello;
			};
			name = Debug;
		};
		65DF9BDE1F789E1600AF2259 /* Release */ = {
			isa = XCBuildConfiguration;
			buildSettings = {
				ALWAYS_EMBED_SWIFT_STANDARD_LIBRARIES = YES;
				INFOPLIST_FILE = HelloUITests/Info.plist;
				LD_RUNPATH_SEARCH_PATHS = "$(inherited) @executable_path/Frameworks @loader_path/Frameworks";
				PRODUCT_BUNDLE_IDENTIFIER = com.crs811.www.HelloUITests;
				PRODUCT_NAME = "$(TARGET_NAME)";
				SWIFT_VERSION = 3.0;
				TEST_TARGET_NAME = Hello;
			};
			name = Release;
		};
/* End XCBuildConfiguration section */

/* Begin XCConfigurationList section */
		65DF9BA61F789E1600AF2259 /* Build configuration list for PBXProject "Hello" */ = {
			isa = XCConfigurationList;
			buildConfigurations = (
				65DF9BD41F789E1600AF2259 /* Debug */,
				65DF9BD51F789E1600AF2259 /* Release */,
			);
			defaultConfigurationIsVisible = 0;
			defaultConfigurationName = Release;
		};
		65DF9BD61F789E1600AF2259 /* Build configuration list for PBXNativeTarget "Hello" */ = {
			isa = XCConfigurationList;
			buildConfigurations = (
				65DF9BD71F789E1600AF2259 /* Debug */,
				65DF9BD81F789E1600AF2259 /* Release */,
			);
			defaultConfigurationIsVisible = 0;
			defaultConfigurationName = Release;
		};
		65DF9BD91F789E1600AF2259 /* Build configuration list for PBXNativeTarget "HelloTests" */ = {
			isa = XCConfigurationList;
			buildConfigurations = (
				65DF9BDA1F789E1600AF2259 /* Debug */,
				65DF9BDB1F789E1600AF2259 /* Release */,
			);
			defaultConfigurationIsVisible = 0;
			defaultConfigurationName = Release;
		};
		65DF9BDC1F789E1600AF2259 /* Build configuration list for PBXNativeTarget "HelloUITests" */ = {
			isa = XCConfigurationList;
			buildConfigurations = (
				65DF9BDD1F789E1600AF2259 /* Debug */,
				65DF9BDE1F789E1600AF2259 /* Release */,
			);
			defaultConfigurationIsVisible = 0;
			defaultConfigurationName = Release;
		};
/* End XCConfigurationList section */

/* Begin XCVersionGroup section */
		65DF9BB51F789E1600AF2259 /* Hello.xcdatamodeld */ = {
			isa = XCVersionGroup;
			children = (
				65DF9BB61F789E1600AF2259 /* Hello.xcdatamodel */,
			);
			currentVersion = 65DF9BB61F789E1600AF2259 /* Hello.xcdatamodel */;
			path = Hello.xcdatamodeld;
			sourceTree = "<group>";
			versionGroupType = wrapper.xcdatamodel;
		};
/* End XCVersionGroup section */
	};
	rootObject = 65DF9BA31F789E1600AF2259 /* Project object */;
}
